
Microsoft Visual Studio Solution File, Format Version 12.00
# Visual Studio Version 16
VisualStudioVersion = 16.0.30114.105
MinimumVisualStudioVersion = 10.0.40219.1
Project("{9A19103F-16F7-4668-BE54-9A1E7A4F7556}") = "HoseManages", "HoseManages\HoseManages.csproj", "{EE23D306-DEE2-49A5-AE45-278886D8BC1C}"
EndProject
Project("{9A19103F-16F7-4668-BE54-9A1E7A4F7556}") = "HoseManages.Model", "HoseManages.Model\HoseManages.Model.csproj", "{8E0D55BE-DEEF-4E93-BAB1-35CE89D2B796}"
EndProject
Project("{9A19103F-16F7-4668-BE54-9A1E7A4F7556}") = "HoseManages.DataAccess", "HoseManages.DataAccess\HoseManages.DataAccess.csproj", "{727838E0-B294-4057-91B5-AA0C93F99679}"
EndProject
Project("{9A19103F-16F7-4668-BE54-9A1E7A4F7556}") = "HoseManages.ViewModel", "HoseManages.ViewModel\HoseManages.ViewModel.csproj", "{27DACB92-FEC8-41E6-97E0-137BCCBCF3EC}"
EndProject
Project("{9A19103F-16F7-4668-BE54-9A1E7A4F7556}") = "HoseManages.Test", "HoseManages.Test\HoseManages.Test.csproj", "{ADE5AB89-2CE4-49AE-BB33-E4953A335C56}"
EndProject
Global
	GlobalSection(SolutionConfigurationPlatforms) = preSolution
		Debug|Any CPU = Debug|Any CPU
		Release|Any CPU = Release|Any CPU
	EndGlobalSection
	GlobalSection(ProjectConfigurationPlatforms) = postSolution
		{EE23D306-DEE2-49A5-AE45-278886D8BC1C}.Debug|Any CPU.ActiveCfg = Debug|Any CPU
		{EE23D306-DEE2-49A5-AE45-278886D8BC1C}.Debug|Any CPU.Build.0 = Debug|Any CPU
		{EE23D306-DEE2-49A5-AE45-278886D8BC1C}.Release|Any CPU.ActiveCfg = Release|Any CPU
		{EE23D306-DEE2-49A5-AE45-278886D8BC1C}.Release|Any CPU.Build.0 = Release|Any CPU
		{8E0D55BE-DEEF-4E93-BAB1-35CE89D2B796}.Debug|Any CPU.ActiveCfg = Debug|Any CPU
		{8E0D55BE-DEEF-4E93-BAB1-35CE89D2B796}.Debug|Any CPU.Build.0 = Debug|Any CPU
		{8E0D55BE-DEEF-4E93-BAB1-35CE89D2B796}.Release|Any CPU.ActiveCfg = Release|Any CPU
		{8E0D55BE-DEEF-4E93-BAB1-35CE89D2B796}.Release|Any CPU.Build.0 = Release|Any CPU
		{727838E0-B294-4057-91B5-AA0C93F99679}.Debug|Any CPU.ActiveCfg = Debug|Any CPU
		{727838E0-B294-4057-91B5-AA0C93F99679}.Debug|Any CPU.Build.0 = Debug|Any CPU
		{727838E0-B294-4057-91B5-AA0C93F99679}.Release|Any CPU.ActiveCfg = Release|Any CPU
		{727838E0-B294-4057-91B5-AA0C93F99679}.Release|Any CPU.Build.0 = Release|Any CPU
		{27DACB92-FEC8-41E6-97E0-137BCCBCF3EC}.Debug|Any CPU.ActiveCfg = Debug|Any CPU
		{27DACB92-FEC8-41E6-97E0-137BCCBCF3EC}.Debug|Any CPU.Build.0 = Debug|Any CPU
		{27DACB92-FEC8-41E6-97E0-137BCCBCF3EC}.Release|Any CPU.ActiveCfg = Release|Any CPU
		{27DACB92-FEC8-41E6-97E0-137BCCBCF3EC}.Release|Any CPU.Build.0 = Release|Any CPU
		{ADE5AB89-2CE4-49AE-BB33-E4953A335C56}.Debug|Any CPU.ActiveCfg = Debug|Any CPU
		{ADE5AB89-2CE4-49AE-BB33-E4953A335C56}.Debug|Any CPU.Build.0 = Debug|Any CPU
		{ADE5AB89-2CE4-49AE-BB33-E4953A335C56}.Release|Any CPU.ActiveCfg = Release|Any CPU
		{ADE5AB89-2CE4-49AE-BB33-E4953A335C56}.Release|Any CPU.Build.0 = Release|Any CPU
	EndGlobalSection
	GlobalSection(SolutionProperties) = preSolution
		HideSolutionNode = FALSE
	EndGlobalSection
	GlobalSection(ExtensibilityGlobals) = postSolution
		SolutionGuid = {1F219808-E6E8-4C1D-B846-41F2F7CF20FA}
	EndGlobalSection
EndGlobal
